// !$*UTF8*$!
{
	archiveVersion = 1;
	classes = {
	};
	objectVersion = 46;
	objects = {

/* Begin PBXBuildFile section */
		EC9F15AD1A4A253F00886334 /* main.m in Sources */ = {isa = PBXBuildFile; fileRef = EC9F15AC1A4A253F00886334 /* main.m */; };
		EC9F15B01A4A253F00886334 /* AppDelegate.m in Sources */ = {isa = PBXBuildFile; fileRef = EC9F15AF1A4A253F00886334 /* AppDelegate.m */; };
		EC9F15B31A4A253F00886334 /* FirstViewController.m in Sources */ = {isa = PBXBuildFile; fileRef = EC9F15B21A4A253F00886334 /* FirstViewController.m */; };
		EC9F15B61A4A253F00886334 /* SecondViewController.m in Sources */ = {isa = PBXBuildFile; fileRef = EC9F15B51A4A253F00886334 /* SecondViewController.m */; };
		EC9F15B91A4A253F00886334 /* Main.storyboard in Resources */ = {isa = PBXBuildFile; fileRef = EC9F15B71A4A253F00886334 /* Main.storyboard */; };
		EC9F15BB1A4A253F00886334 /* Images.xcassets in Resources */ = {isa = PBXBuildFile; fileRef = EC9F15BA1A4A253F00886334 /* Images.xcassets */; };
		EC9F15BE1A4A253F00886334 /* LaunchScreen.xib in Resources */ = {isa = PBXBuildFile; fileRef = EC9F15BC1A4A253F00886334 /* LaunchScreen.xib */; };
		EC9F15CA1A4A254000886334 /* StreamloaderTests.m in Sources */ = {isa = PBXBuildFile; fileRef = EC9F15C91A4A254000886334 /* StreamloaderTests.m */; };
		EC9F160A1A4A277100886334 /* libJSONKit.a in Frameworks */ = {isa = PBXBuildFile; fileRef = EC9F15EB1A4A264F00886334 /* libJSONKit.a */; };
		EC9F160B1A4A277100886334 /* libOAuth2Client.a in Frameworks */ = {isa = PBXBuildFile; fileRef = EC9F15FD1A4A266200886334 /* libOAuth2Client.a */; };
		EC9F160C1A4A277100886334 /* libOHAttributedLabel.a in Frameworks */ = {isa = PBXBuildFile; fileRef = EC9F15F31A4A265B00886334 /* libOHAttributedLabel.a */; };
		EC9F160D1A4A277100886334 /* libSoundCloudAPI.a in Frameworks */ = {isa = PBXBuildFile; fileRef = EC9F15DB1A4A261F00886334 /* libSoundCloudAPI.a */; };
		EC9F160E1A4A277100886334 /* libSoundCloudUI.a in Frameworks */ = {isa = PBXBuildFile; fileRef = EC9F15E21A4A263100886334 /* libSoundCloudUI.a */; };
		EC9F16161A4A277100886334 /* AddressBook.framework in Frameworks */ = {isa = PBXBuildFile; fileRef = EC9F160F1A4A277100886334 /* AddressBook.framework */; };
		EC9F16171A4A277100886334 /* AddressBookUI.framework in Frameworks */ = {isa = PBXBuildFile; fileRef = EC9F16101A4A277100886334 /* AddressBookUI.framework */; };
		EC9F16181A4A277100886334 /* CoreGraphics.framework in Frameworks */ = {isa = PBXBuildFile; fileRef = EC9F16111A4A277100886334 /* CoreGraphics.framework */; };
		EC9F16191A4A277100886334 /* CoreLocation.framework in Frameworks */ = {isa = PBXBuildFile; fileRef = EC9F16121A4A277100886334 /* CoreLocation.framework */; };
		EC9F161A1A4A277100886334 /* CoreText.framework in Frameworks */ = {isa = PBXBuildFile; fileRef = EC9F16131A4A277100886334 /* CoreText.framework */; };
		EC9F161B1A4A277100886334 /* QuartzCore.framework in Frameworks */ = {isa = PBXBuildFile; fileRef = EC9F16141A4A277100886334 /* QuartzCore.framework */; };
		EC9F161C1A4A277100886334 /* Security.framework in Frameworks */ = {isa = PBXBuildFile; fileRef = EC9F16151A4A277100886334 /* Security.framework */; };
		EC9F161E1A4A27D900886334 /* SoundCloud.bundle in Resources */ = {isa = PBXBuildFile; fileRef = EC9F161D1A4A27D900886334 /* SoundCloud.bundle */; };
/* End PBXBuildFile section */

/* Begin PBXContainerItemProxy section */
		EC9F15C41A4A254000886334 /* PBXContainerItemProxy */ = {
			isa = PBXContainerItemProxy;
			containerPortal = EC9F159F1A4A253F00886334 /* Project object */;
			proxyType = 1;
			remoteGlobalIDString = EC9F15A61A4A253F00886334;
			remoteInfo = Streamloader;
		};
		EC9F15D81A4A261F00886334 /* PBXContainerItemProxy */ = {
			isa = PBXContainerItemProxy;
			containerPortal = EC9F15D31A4A261F00886334 /* SoundCloudAPI.xcodeproj */;
			proxyType = 2;
			remoteGlobalIDString = 94535F86123FAFDF00BD668A;
			remoteInfo = SoundCloudAPI.framework;
		};
		EC9F15DA1A4A261F00886334 /* PBXContainerItemProxy */ = {
			isa = PBXContainerItemProxy;
			containerPortal = EC9F15D31A4A261F00886334 /* SoundCloudAPI.xcodeproj */;
			proxyType = 2;
			remoteGlobalIDString = D2AAC07E0554694100DB518D;
			remoteInfo = SoundCloudAPI;
		};
		EC9F15E11A4A263100886334 /* PBXContainerItemProxy */ = {
			isa = PBXContainerItemProxy;
			containerPortal = EC9F15DC1A4A263000886334 /* SoundCloudUI.xcodeproj */;
			proxyType = 2;
			remoteGlobalIDString = F6EF8C6113F929D700B20B40;
			remoteInfo = libSoundCloudUI;
		};
		EC9F15E31A4A263100886334 /* PBXContainerItemProxy */ = {
			isa = PBXContainerItemProxy;
			containerPortal = EC9F15DC1A4A263000886334 /* SoundCloudUI.xcodeproj */;
			proxyType = 2;
			remoteGlobalIDString = F62E0CE5148FB27100BE8F14;
			remoteInfo = SoundCloudUI.framework;
		};
		EC9F15EA1A4A264F00886334 /* PBXContainerItemProxy */ = {
			isa = PBXContainerItemProxy;
			containerPortal = EC9F15E51A4A264E00886334 /* JSONKit.xcodeproj */;
			proxyType = 2;
			remoteGlobalIDString = F6803523148F6D22008A51BA;
			remoteInfo = libJSONKit;
		};
		EC9F15EC1A4A264F00886334 /* PBXContainerItemProxy */ = {
			isa = PBXContainerItemProxy;
			containerPortal = EC9F15E51A4A264E00886334 /* JSONKit.xcodeproj */;
			proxyType = 2;
			remoteGlobalIDString = F6AE0202148F825C0004909F;
			remoteInfo = JSONKit.framework;
		};
		EC9F15F21A4A265B00886334 /* PBXContainerItemProxy */ = {
			isa = PBXContainerItemProxy;
			containerPortal = EC9F15EE1A4A265B00886334 /* OHAttributedLabel.xcodeproj */;
			proxyType = 2;
			remoteGlobalIDString = F62728FA148F70DF00314599;
			remoteInfo = OHAttributedLabel;
		};
		EC9F15FA1A4A266200886334 /* PBXContainerItemProxy */ = {
			isa = PBXContainerItemProxy;
			containerPortal = EC9F15F41A4A266200886334 /* OAuth2Client.xcodeproj */;
			proxyType = 2;
			remoteGlobalIDString = 942FFCD612315E0A00E6C65E;
			remoteInfo = OAuth2Client.framework;
		};
		EC9F15FC1A4A266200886334 /* PBXContainerItemProxy */ = {
			isa = PBXContainerItemProxy;
			containerPortal = EC9F15F41A4A266200886334 /* OAuth2Client.xcodeproj */;
			proxyType = 2;
			remoteGlobalIDString = D2AAC07E0554694100DB518D;
			remoteInfo = OAuth2Client;
		};
		EC9F15FE1A4A266200886334 /* PBXContainerItemProxy */ = {
			isa = PBXContainerItemProxy;
			containerPortal = EC9F15F41A4A266200886334 /* OAuth2Client.xcodeproj */;
			proxyType = 2;
			remoteGlobalIDString = 94B6CE6619C1D0A200AA859B;
			remoteInfo = OAuth2ClientTests;
		};
		EC9F16001A4A271100886334 /* PBXContainerItemProxy */ = {
			isa = PBXContainerItemProxy;
			containerPortal = EC9F15F41A4A266200886334 /* OAuth2Client.xcodeproj */;
			proxyType = 1;
			remoteGlobalIDString = D2AAC07D0554694100DB518D;
			remoteInfo = OAuth2Client;
		};
		EC9F16021A4A271100886334 /* PBXContainerItemProxy */ = {
			isa = PBXContainerItemProxy;
			containerPortal = EC9F15EE1A4A265B00886334 /* OHAttributedLabel.xcodeproj */;
			proxyType = 1;
			remoteGlobalIDString = F62728F9148F70DF00314599;
			remoteInfo = OHAttributedLabel;
		};
		EC9F16041A4A271100886334 /* PBXContainerItemProxy */ = {
			isa = PBXContainerItemProxy;
			containerPortal = EC9F15E51A4A264E00886334 /* JSONKit.xcodeproj */;
			proxyType = 1;
			remoteGlobalIDString = F6803522148F6D22008A51BA;
			remoteInfo = libJSONKit;
		};
		EC9F16061A4A271100886334 /* PBXContainerItemProxy */ = {
			isa = PBXContainerItemProxy;
			containerPortal = EC9F15DC1A4A263000886334 /* SoundCloudUI.xcodeproj */;
			proxyType = 1;
			remoteGlobalIDString = F6EF8C6013F929D700B20B40;
			remoteInfo = libSoundCloudUI;
		};
		EC9F16081A4A271100886334 /* PBXContainerItemProxy */ = {
			isa = PBXContainerItemProxy;
			containerPortal = EC9F15D31A4A261F00886334 /* SoundCloudAPI.xcodeproj */;
			proxyType = 1;
			remoteGlobalIDString = D2AAC07D0554694100DB518D;
			remoteInfo = SoundCloudAPI;
		};
/* End PBXContainerItemProxy section */

/* Begin PBXFileReference section */
		EC9F15A71A4A253F00886334 /* Streamloader.app */ = {isa = PBXFileReference; explicitFileType = wrapper.application; includeInIndex = 0; path = Streamloader.app; sourceTree = BUILT_PRODUCTS_DIR; };
		EC9F15AB1A4A253F00886334 /* Info.plist */ = {isa = PBXFileReference; lastKnownFileType = text.plist.xml; path = Info.plist; sourceTree = "<group>"; };
		EC9F15AC1A4A253F00886334 /* main.m */ = {isa = PBXFileReference; lastKnownFileType = sourcecode.c.objc; path = main.m; sourceTree = "<group>"; };
		EC9F15AE1A4A253F00886334 /* AppDelegate.h */ = {isa = PBXFileReference; lastKnownFileType = sourcecode.c.h; path = AppDelegate.h; sourceTree = "<group>"; };
		EC9F15AF1A4A253F00886334 /* AppDelegate.m */ = {isa = PBXFileReference; lastKnownFileType = sourcecode.c.objc; path = AppDelegate.m; sourceTree = "<group>"; };
		EC9F15B11A4A253F00886334 /* FirstViewController.h */ = {isa = PBXFileReference; lastKnownFileType = sourcecode.c.h; path = FirstViewController.h; sourceTree = "<group>"; };
		EC9F15B21A4A253F00886334 /* FirstViewController.m */ = {isa = PBXFileReference; lastKnownFileType = sourcecode.c.objc; path = FirstViewController.m; sourceTree = "<group>"; };
		EC9F15B41A4A253F00886334 /* SecondViewController.h */ = {isa = PBXFileReference; lastKnownFileType = sourcecode.c.h; path = SecondViewController.h; sourceTree = "<group>"; };
		EC9F15B51A4A253F00886334 /* SecondViewController.m */ = {isa = PBXFileReference; lastKnownFileType = sourcecode.c.objc; path = SecondViewController.m; sourceTree = "<group>"; };
		EC9F15B81A4A253F00886334 /* Base */ = {isa = PBXFileReference; lastKnownFileType = file.storyboard; name = Base; path = Base.lproj/Main.storyboard; sourceTree = "<group>"; };
		EC9F15BA1A4A253F00886334 /* Images.xcassets */ = {isa = PBXFileReference; lastKnownFileType = folder.assetcatalog; path = Images.xcassets; sourceTree = "<group>"; };
		EC9F15BD1A4A253F00886334 /* Base */ = {isa = PBXFileReference; lastKnownFileType = file.xib; name = Base; path = Base.lproj/LaunchScreen.xib; sourceTree = "<group>"; };
		EC9F15C31A4A254000886334 /* StreamloaderTests.xctest */ = {isa = PBXFileReference; explicitFileType = wrapper.cfbundle; includeInIndex = 0; path = StreamloaderTests.xctest; sourceTree = BUILT_PRODUCTS_DIR; };
		EC9F15C81A4A254000886334 /* Info.plist */ = {isa = PBXFileReference; lastKnownFileType = text.plist.xml; path = Info.plist; sourceTree = "<group>"; };
		EC9F15C91A4A254000886334 /* StreamloaderTests.m */ = {isa = PBXFileReference; lastKnownFileType = sourcecode.c.objc; path = StreamloaderTests.m; sourceTree = "<group>"; };
		EC9F15D31A4A261F00886334 /* SoundCloudAPI.xcodeproj */ = {isa = PBXFileReference; lastKnownFileType = "wrapper.pb-project"; name = SoundCloudAPI.xcodeproj; path = CocoaSoundCloudAPI/SoundCloudAPI.xcodeproj; sourceTree = "<group>"; };
		EC9F15DC1A4A263000886334 /* SoundCloudUI.xcodeproj */ = {isa = PBXFileReference; lastKnownFileType = "wrapper.pb-project"; name = SoundCloudUI.xcodeproj; path = CocoaSoundCloudUI/SoundCloudUI.xcodeproj; sourceTree = "<group>"; };
		EC9F15E51A4A264E00886334 /* JSONKit.xcodeproj */ = {isa = PBXFileReference; lastKnownFileType = "wrapper.pb-project"; name = JSONKit.xcodeproj; path = JSONKit/JSONKit.xcodeproj; sourceTree = "<group>"; };
		EC9F15EE1A4A265B00886334 /* OHAttributedLabel.xcodeproj */ = {isa = PBXFileReference; lastKnownFileType = "wrapper.pb-project"; name = OHAttributedLabel.xcodeproj; path = OHAttributedLabel/OHAttributedLabel.xcodeproj; sourceTree = "<group>"; };
		EC9F15F41A4A266200886334 /* OAuth2Client.xcodeproj */ = {isa = PBXFileReference; lastKnownFileType = "wrapper.pb-project"; name = OAuth2Client.xcodeproj; path = OAuth2Client/OAuth2Client.xcodeproj; sourceTree = "<group>"; };
		EC9F160F1A4A277100886334 /* AddressBook.framework */ = {isa = PBXFileReference; lastKnownFileType = wrapper.framework; name = AddressBook.framework; path = System/Library/Frameworks/AddressBook.framework; sourceTree = SDKROOT; };
		EC9F16101A4A277100886334 /* AddressBookUI.framework */ = {isa = PBXFileReference; lastKnownFileType = wrapper.framework; name = AddressBookUI.framework; path = System/Library/Frameworks/AddressBookUI.framework; sourceTree = SDKROOT; };
		EC9F16111A4A277100886334 /* CoreGraphics.framework */ = {isa = PBXFileReference; lastKnownFileType = wrapper.framework; name = CoreGraphics.framework; path = System/Library/Frameworks/CoreGraphics.framework; sourceTree = SDKROOT; };
		EC9F16121A4A277100886334 /* CoreLocation.framework */ = {isa = PBXFileReference; lastKnownFileType = wrapper.framework; name = CoreLocation.framework; path = System/Library/Frameworks/CoreLocation.framework; sourceTree = SDKROOT; };
		EC9F16131A4A277100886334 /* CoreText.framework */ = {isa = PBXFileReference; lastKnownFileType = wrapper.framework; name = CoreText.framework; path = System/Library/Frameworks/CoreText.framework; sourceTree = SDKROOT; };
		EC9F16141A4A277100886334 /* QuartzCore.framework */ = {isa = PBXFileReference; lastKnownFileType = wrapper.framework; name = QuartzCore.framework; path = System/Library/Frameworks/QuartzCore.framework; sourceTree = SDKROOT; };
		EC9F16151A4A277100886334 /* Security.framework */ = {isa = PBXFileReference; lastKnownFileType = wrapper.framework; name = Security.framework; path = System/Library/Frameworks/Security.framework; sourceTree = SDKROOT; };
		EC9F161D1A4A27D900886334 /* SoundCloud.bundle */ = {isa = PBXFileReference; lastKnownFileType = "wrapper.plug-in"; name = SoundCloud.bundle; path = CocoaSoundCloudUI/SoundCloud.bundle; sourceTree = "<group>"; };
/* End PBXFileReference section */

/* Begin PBXFrameworksBuildPhase section */
		EC9F15A41A4A253F00886334 /* Frameworks */ = {
			isa = PBXFrameworksBuildPhase;
			buildActionMask = 2147483647;
			files = (
				EC9F16161A4A277100886334 /* AddressBook.framework in Frameworks */,
				EC9F16171A4A277100886334 /* AddressBookUI.framework in Frameworks */,
				EC9F16181A4A277100886334 /* CoreGraphics.framework in Frameworks */,
				EC9F16191A4A277100886334 /* CoreLocation.framework in Frameworks */,
				EC9F161A1A4A277100886334 /* CoreText.framework in Frameworks */,
				EC9F161B1A4A277100886334 /* QuartzCore.framework in Frameworks */,
				EC9F161C1A4A277100886334 /* Security.framework in Frameworks */,
				EC9F160A1A4A277100886334 /* libJSONKit.a in Frameworks */,
				EC9F160B1A4A277100886334 /* libOAuth2Client.a in Frameworks */,
				EC9F160C1A4A277100886334 /* libOHAttributedLabel.a in Frameworks */,
				EC9F160D1A4A277100886334 /* libSoundCloudAPI.a in Frameworks */,
				EC9F160E1A4A277100886334 /* libSoundCloudUI.a in Frameworks */,
			);
			runOnlyForDeploymentPostprocessing = 0;
		};
		EC9F15C01A4A254000886334 /* Frameworks */ = {
			isa = PBXFrameworksBuildPhase;
			buildActionMask = 2147483647;
			files = (
			);
			runOnlyForDeploymentPostprocessing = 0;
		};
/* End PBXFrameworksBuildPhase section */

/* Begin PBXGroup section */
		EC9F159E1A4A253F00886334 = {
			isa = PBXGroup;
			children = (
				EC9F161D1A4A27D900886334 /* SoundCloud.bundle */,
				EC9F160F1A4A277100886334 /* AddressBook.framework */,
				EC9F16101A4A277100886334 /* AddressBookUI.framework */,
				EC9F16111A4A277100886334 /* CoreGraphics.framework */,
				EC9F16121A4A277100886334 /* CoreLocation.framework */,
				EC9F16131A4A277100886334 /* CoreText.framework */,
				EC9F16141A4A277100886334 /* QuartzCore.framework */,
				EC9F16151A4A277100886334 /* Security.framework */,
				EC9F15F41A4A266200886334 /* OAuth2Client.xcodeproj */,
				EC9F15EE1A4A265B00886334 /* OHAttributedLabel.xcodeproj */,
				EC9F15E51A4A264E00886334 /* JSONKit.xcodeproj */,
				EC9F15DC1A4A263000886334 /* SoundCloudUI.xcodeproj */,
				EC9F15D31A4A261F00886334 /* SoundCloudAPI.xcodeproj */,
				EC9F15A91A4A253F00886334 /* Streamloader */,
				EC9F15C61A4A254000886334 /* StreamloaderTests */,
				EC9F15A81A4A253F00886334 /* Products */,
			);
			sourceTree = "<group>";
		};
		EC9F15A81A4A253F00886334 /* Products */ = {
			isa = PBXGroup;
			children = (
				EC9F15A71A4A253F00886334 /* Streamloader.app */,
				EC9F15C31A4A254000886334 /* StreamloaderTests.xctest */,
			);
			name = Products;
			sourceTree = "<group>";
		};
		EC9F15A91A4A253F00886334 /* Streamloader */ = {
			isa = PBXGroup;
			children = (
				EC9F15AE1A4A253F00886334 /* AppDelegate.h */,
				EC9F15AF1A4A253F00886334 /* AppDelegate.m */,
				EC9F15B11A4A253F00886334 /* FirstViewController.h */,
				EC9F15B21A4A253F00886334 /* FirstViewController.m */,
				EC9F15B41A4A253F00886334 /* SecondViewController.h */,
				EC9F15B51A4A253F00886334 /* SecondViewController.m */,
				EC9F15B71A4A253F00886334 /* Main.storyboard */,
				EC9F15BA1A4A253F00886334 /* Images.xcassets */,
				EC9F15BC1A4A253F00886334 /* LaunchScreen.xib */,
				EC9F15AA1A4A253F00886334 /* Supporting Files */,
			);
			path = Streamloader;
			sourceTree = "<group>";
		};
		EC9F15AA1A4A253F00886334 /* Supporting Files */ = {
			isa = PBXGroup;
			children = (
				EC9F15AB1A4A253F00886334 /* Info.plist */,
				EC9F15AC1A4A253F00886334 /* main.m */,
			);
			name = "Supporting Files";
			sourceTree = "<group>";
		};
		EC9F15C61A4A254000886334 /* StreamloaderTests */ = {
			isa = PBXGroup;
			children = (
				EC9F15C91A4A254000886334 /* StreamloaderTests.m */,
				EC9F15C71A4A254000886334 /* Supporting Files */,
			);
			path = StreamloaderTests;
			sourceTree = "<group>";
		};
		EC9F15C71A4A254000886334 /* Supporting Files */ = {
			isa = PBXGroup;
			children = (
				EC9F15C81A4A254000886334 /* Info.plist */,
			);
			name = "Supporting Files";
			sourceTree = "<group>";
		};
		EC9F15D41A4A261F00886334 /* Products */ = {
			isa = PBXGroup;
			children = (
				EC9F15D91A4A261F00886334 /* SoundCloudAPI.framework */,
				EC9F15DB1A4A261F00886334 /* libSoundCloudAPI.a */,
			);
			name = Products;
			sourceTree = "<group>";
		};
		EC9F15DD1A4A263000886334 /* Products */ = {
			isa = PBXGroup;
			children = (
				EC9F15E21A4A263100886334 /* libSoundCloudUI.a */,
				EC9F15E41A4A263100886334 /* SoundCloudUI.framework */,
			);
			name = Products;
			sourceTree = "<group>";
		};
		EC9F15E61A4A264E00886334 /* Products */ = {
			isa = PBXGroup;
			children = (
				EC9F15EB1A4A264F00886334 /* libJSONKit.a */,
				EC9F15ED1A4A264F00886334 /* JSONKit.framework */,
			);
			name = Products;
			sourceTree = "<group>";
		};
		EC9F15EF1A4A265B00886334 /* Products */ = {
			isa = PBXGroup;
			children = (
				EC9F15F31A4A265B00886334 /* libOHAttributedLabel.a */,
			);
			name = Products;
			sourceTree = "<group>";
		};
		EC9F15F51A4A266200886334 /* Products */ = {
			isa = PBXGroup;
			children = (
				EC9F15FB1A4A266200886334 /* OAuth2Client.framework */,
				EC9F15FD1A4A266200886334 /* libOAuth2Client.a */,
				EC9F15FF1A4A266200886334 /* OAuth2ClientTests.xctest */,
			);
			name = Products;
			sourceTree = "<group>";
		};
/* End PBXGroup section */

/* Begin PBXNativeTarget section */
		EC9F15A61A4A253F00886334 /* Streamloader */ = {
			isa = PBXNativeTarget;
			buildConfigurationList = EC9F15CD1A4A254000886334 /* Build configuration list for PBXNativeTarget "Streamloader" */;
			buildPhases = (
				EC9F15A31A4A253F00886334 /* Sources */,
				EC9F15A41A4A253F00886334 /* Frameworks */,
				EC9F15A51A4A253F00886334 /* Resources */,
			);
			buildRules = (
			);
			dependencies = (
				EC9F16011A4A271100886334 /* PBXTargetDependency */,
				EC9F16031A4A271100886334 /* PBXTargetDependency */,
				EC9F16051A4A271100886334 /* PBXTargetDependency */,
				EC9F16071A4A271100886334 /* PBXTargetDependency */,
				EC9F16091A4A271100886334 /* PBXTargetDependency */,
			);
			name = Streamloader;
			productName = Streamloader;
			productReference = EC9F15A71A4A253F00886334 /* Streamloader.app */;
			productType = "com.apple.product-type.application";
		};
		EC9F15C21A4A254000886334 /* StreamloaderTests */ = {
			isa = PBXNativeTarget;
			buildConfigurationList = EC9F15D01A4A254000886334 /* Build configuration list for PBXNativeTarget "StreamloaderTests" */;
			buildPhases = (
				EC9F15BF1A4A254000886334 /* Sources */,
				EC9F15C01A4A254000886334 /* Frameworks */,
				EC9F15C11A4A254000886334 /* Resources */,
			);
			buildRules = (
			);
			dependencies = (
				EC9F15C51A4A254000886334 /* PBXTargetDependency */,
			);
			name = StreamloaderTests;
			productName = StreamloaderTests;
			productReference = EC9F15C31A4A254000886334 /* StreamloaderTests.xctest */;
			productType = "com.apple.product-type.bundle.unit-test";
		};
/* End PBXNativeTarget section */

/* Begin PBXProject section */
		EC9F159F1A4A253F00886334 /* Project object */ = {
			isa = PBXProject;
			attributes = {
				LastUpgradeCheck = 0610;
				ORGANIZATIONNAME = "Henry Mound";
				TargetAttributes = {
					EC9F15A61A4A253F00886334 = {
						CreatedOnToolsVersion = 6.1.1;
						DevelopmentTeam = 2W97P6QM8T;
					};
					EC9F15C21A4A254000886334 = {
						CreatedOnToolsVersion = 6.1.1;
						TestTargetID = EC9F15A61A4A253F00886334;
					};
				};
			};
			buildConfigurationList = EC9F15A21A4A253F00886334 /* Build configuration list for PBXProject "Streamloader" */;
			compatibilityVersion = "Xcode 3.2";
			developmentRegion = English;
			hasScannedForEncodings = 0;
			knownRegions = (
				en,
				Base,
			);
			mainGroup = EC9F159E1A4A253F00886334;
			productRefGroup = EC9F15A81A4A253F00886334 /* Products */;
			projectDirPath = "";
			projectReferences = (
				{
					ProductGroup = EC9F15E61A4A264E00886334 /* Products */;
					ProjectRef = EC9F15E51A4A264E00886334 /* JSONKit.xcodeproj */;
				},
				{
					ProductGroup = EC9F15F51A4A266200886334 /* Products */;
					ProjectRef = EC9F15F41A4A266200886334 /* OAuth2Client.xcodeproj */;
				},
				{
					ProductGroup = EC9F15EF1A4A265B00886334 /* Products */;
					ProjectRef = EC9F15EE1A4A265B00886334 /* OHAttributedLabel.xcodeproj */;
				},
				{
					ProductGroup = EC9F15D41A4A261F00886334 /* Products */;
					ProjectRef = EC9F15D31A4A261F00886334 /* SoundCloudAPI.xcodeproj */;
				},
				{
					ProductGroup = EC9F15DD1A4A263000886334 /* Products */;
					ProjectRef = EC9F15DC1A4A263000886334 /* SoundCloudUI.xcodeproj */;
				},
			);
			projectRoot = "";
			targets = (
				EC9F15A61A4A253F00886334 /* Streamloader */,
				EC9F15C21A4A254000886334 /* StreamloaderTests */,
			);
		};
/* End PBXProject section */

/* Begin PBXReferenceProxy section */
		EC9F15D91A4A261F00886334 /* SoundCloudAPI.framework */ = {
			isa = PBXReferenceProxy;
			fileType = wrapper.framework;
			path = SoundCloudAPI.framework;
			remoteRef = EC9F15D81A4A261F00886334 /* PBXContainerItemProxy */;
			sourceTree = BUILT_PRODUCTS_DIR;
		};
		EC9F15DB1A4A261F00886334 /* libSoundCloudAPI.a */ = {
			isa = PBXReferenceProxy;
			fileType = archive.ar;
			path = libSoundCloudAPI.a;
			remoteRef = EC9F15DA1A4A261F00886334 /* PBXContainerItemProxy */;
			sourceTree = BUILT_PRODUCTS_DIR;
		};
		EC9F15E21A4A263100886334 /* libSoundCloudUI.a */ = {
			isa = PBXReferenceProxy;
			fileType = archive.ar;
			path = libSoundCloudUI.a;
			remoteRef = EC9F15E11A4A263100886334 /* PBXContainerItemProxy */;
			sourceTree = BUILT_PRODUCTS_DIR;
		};
		EC9F15E41A4A263100886334 /* SoundCloudUI.framework */ = {
			isa = PBXReferenceProxy;
			fileType = wrapper.framework;
			path = SoundCloudUI.framework;
			remoteRef = EC9F15E31A4A263100886334 /* PBXContainerItemProxy */;
			sourceTree = BUILT_PRODUCTS_DIR;
		};
		EC9F15EB1A4A264F00886334 /* libJSONKit.a */ = {
			isa = PBXReferenceProxy;
			fileType = archive.ar;
			path = libJSONKit.a;
			remoteRef = EC9F15EA1A4A264F00886334 /* PBXContainerItemProxy */;
			sourceTree = BUILT_PRODUCTS_DIR;
		};
		EC9F15ED1A4A264F00886334 /* JSONKit.framework */ = {
			isa = PBXReferenceProxy;
			fileType = wrapper.framework;
			path = JSONKit.framework;
			remoteRef = EC9F15EC1A4A264F00886334 /* PBXContainerItemProxy */;
			sourceTree = BUILT_PRODUCTS_DIR;
		};
		EC9F15F31A4A265B00886334 /* libOHAttributedLabel.a */ = {
			isa = PBXReferenceProxy;
			fileType = archive.ar;
			path = libOHAttributedLabel.a;
			remoteRef = EC9F15F21A4A265B00886334 /* PBXContainerItemProxy */;
			sourceTree = BUILT_PRODUCTS_DIR;
		};
		EC9F15FB1A4A266200886334 /* OAuth2Client.framework */ = {
			isa = PBXReferenceProxy;
			fileType = wrapper.framework;
			path = OAuth2Client.framework;
			remoteRef = EC9F15FA1A4A266200886334 /* PBXContainerItemProxy */;
			sourceTree = BUILT_PRODUCTS_DIR;
		};
		EC9F15FD1A4A266200886334 /* libOAuth2Client.a */ = {
			isa = PBXReferenceProxy;
			fileType = archive.ar;
			path = libOAuth2Client.a;
			remoteRef = EC9F15FC1A4A266200886334 /* PBXContainerItemProxy */;
			sourceTree = BUILT_PRODUCTS_DIR;
		};
		EC9F15FF1A4A266200886334 /* OAuth2ClientTests.xctest */ = {
			isa = PBXReferenceProxy;
			fileType = wrapper.cfbundle;
			path = OAuth2ClientTests.xctest;
			remoteRef = EC9F15FE1A4A266200886334 /* PBXContainerItemProxy */;
			sourceTree = BUILT_PRODUCTS_DIR;
		};
/* End PBXReferenceProxy section */

/* Begin PBXResourcesBuildPhase section */
		EC9F15A51A4A253F00886334 /* Resources */ = {
			isa = PBXResourcesBuildPhase;
			buildActionMask = 2147483647;
			files = (
				EC9F15B91A4A253F00886334 /* Main.storyboard in Resources */,
				EC9F161E1A4A27D900886334 /* SoundCloud.bundle in Resources */,
				EC9F15BE1A4A253F00886334 /* LaunchScreen.xib in Resources */,
				EC9F15BB1A4A253F00886334 /* Images.xcassets in Resources */,
			);
			runOnlyForDeploymentPostprocessing = 0;
		};
		EC9F15C11A4A254000886334 /* Resources */ = {
			isa = PBXResourcesBuildPhase;
			buildActionMask = 2147483647;
			files = (
			);
			runOnlyForDeploymentPostprocessing = 0;
		};
/* End PBXResourcesBuildPhase section */

/* Begin PBXSourcesBuildPhase section */
		EC9F15A31A4A253F00886334 /* Sources */ = {
			isa = PBXSourcesBuildPhase;
			buildActionMask = 2147483647;
			files = (
				EC9F15B61A4A253F00886334 /* SecondViewController.m in Sources */,
				EC9F15B01A4A253F00886334 /* AppDelegate.m in Sources */,
				EC9F15B31A4A253F00886334 /* FirstViewController.m in Sources */,
				EC9F15AD1A4A253F00886334 /* main.m in Sources */,
			);
			runOnlyForDeploymentPostprocessing = 0;
		};
		EC9F15BF1A4A254000886334 /* Sources */ = {
			isa = PBXSourcesBuildPhase;
			buildActionMask = 2147483647;
			files = (
				EC9F15CA1A4A254000886334 /* StreamloaderTests.m in Sources */,
			);
			runOnlyForDeploymentPostprocessing = 0;
		};
/* End PBXSourcesBuildPhase section */

/* Begin PBXTargetDependency section */
		EC9F15C51A4A254000886334 /* PBXTargetDependency */ = {
			isa = PBXTargetDependency;
			target = EC9F15A61A4A253F00886334 /* Streamloader */;
			targetProxy = EC9F15C41A4A254000886334 /* PBXContainerItemProxy */;
		};
		EC9F16011A4A271100886334 /* PBXTargetDependency */ = {
			isa = PBXTargetDependency;
			name = OAuth2Client;
			targetProxy = EC9F16001A4A271100886334 /* PBXContainerItemProxy */;
		};
		EC9F16031A4A271100886334 /* PBXTargetDependency */ = {
			isa = PBXTargetDependency;
			name = OHAttributedLabel;
			targetProxy = EC9F16021A4A271100886334 /* PBXContainerItemProxy */;
		};
		EC9F16051A4A271100886334 /* PBXTargetDependency */ = {
			isa = PBXTargetDependency;
			name = libJSONKit;
			targetProxy = EC9F16041A4A271100886334 /* PBXContainerItemProxy */;
		};
		EC9F16071A4A271100886334 /* PBXTargetDependency */ = {
			isa = PBXTargetDependency;
			name = libSoundCloudUI;
			targetProxy = EC9F16061A4A271100886334 /* PBXContainerItemProxy */;
		};
		EC9F16091A4A271100886334 /* PBXTargetDependency */ = {
			isa = PBXTargetDependency;
			name = SoundCloudAPI;
			targetProxy = EC9F16081A4A271100886334 /* PBXContainerItemProxy */;
		};
/* End PBXTargetDependency section */

/* Begin PBXVariantGroup section */
		EC9F15B71A4A253F00886334 /* Main.storyboard */ = {
			isa = PBXVariantGroup;
			children = (
				EC9F15B81A4A253F00886334 /* Base */,
			);
			name = Main.storyboard;
			sourceTree = "<group>";
		};
		EC9F15BC1A4A253F00886334 /* LaunchScreen.xib */ = {
			isa = PBXVariantGroup;
			children = (
				EC9F15BD1A4A253F00886334 /* Base */,
			);
			name = LaunchScreen.xib;
			sourceTree = "<group>";
		};
/* End PBXVariantGroup section */

/* Begin XCBuildConfiguration section */
		EC9F15CB1A4A254000886334 /* Debug */ = {
			isa = XCBuildConfiguration;
			buildSettings = {
				ALWAYS_SEARCH_USER_PATHS = NO;
				CLANG_CXX_LANGUAGE_STANDARD = "gnu++0x";
				CLANG_CXX_LIBRARY = "libc++";
				CLANG_ENABLE_MODULES = YES;
				CLANG_ENABLE_OBJC_ARC = YES;
				CLANG_WARN_BOOL_CONVERSION = YES;
				CLANG_WARN_CONSTANT_CONVERSION = YES;
				CLANG_WARN_DIRECT_OBJC_ISA_USAGE = YES_ERROR;
				CLANG_WARN_EMPTY_BODY = YES;
				CLANG_WARN_ENUM_CONVERSION = YES;
				CLANG_WARN_INT_CONVERSION = YES;
				CLANG_WARN_OBJC_ROOT_CLASS = YES_ERROR;
				CLANG_WARN_UNREACHABLE_CODE = YES;
				CLANG_WARN__DUPLICATE_METHOD_MATCH = YES;
				"CODE_SIGN_IDENTITY[sdk=iphoneos*]" = "iPhone Developer";
				COPY_PHASE_STRIP = NO;
				ENABLE_STRICT_OBJC_MSGSEND = YES;
				GCC_C_LANGUAGE_STANDARD = gnu99;
				GCC_DYNAMIC_NO_PIC = NO;
				GCC_OPTIMIZATION_LEVEL = 0;
				GCC_PREPROCESSOR_DEFINITIONS = (
					"DEBUG=1",
					"$(inherited)",
				);
				GCC_SYMBOLS_PRIVATE_EXTERN = NO;
				GCC_WARN_64_TO_32_BIT_CONVERSION = YES;
				GCC_WARN_ABOUT_RETURN_TYPE = YES_ERROR;
				GCC_WARN_UNDECLARED_SELECTOR = YES;
				GCC_WARN_UNINITIALIZED_AUTOS = YES_AGGRESSIVE;
				GCC_WARN_UNUSED_FUNCTION = YES;
				GCC_WARN_UNUSED_VARIABLE = YES;
				IPHONEOS_DEPLOYMENT_TARGET = 8.1;
				MTL_ENABLE_DEBUG_INFO = YES;
				ONLY_ACTIVE_ARCH = YES;
				SDKROOT = iphoneos;
			};
			name = Debug;
		};
		EC9F15CC1A4A254000886334 /* Release */ = {
			isa = XCBuildConfiguration;
			buildSettings = {
				ALWAYS_SEARCH_USER_PATHS = NO;
				CLANG_CXX_LANGUAGE_STANDARD = "gnu++0x";
				CLANG_CXX_LIBRARY = "libc++";
				CLANG_ENABLE_MODULES = YES;
				CLANG_ENABLE_OBJC_ARC = YES;
				CLANG_WARN_BOOL_CONVERSION = YES;
				CLANG_WARN_CONSTANT_CONVERSION = YES;
				CLANG_WARN_DIRECT_OBJC_ISA_USAGE = YES_ERROR;
				CLANG_WARN_EMPTY_BODY = YES;
				CLANG_WARN_ENUM_CONVERSION = YES;
				CLANG_WARN_INT_CONVERSION = YES;
				CLANG_WARN_OBJC_ROOT_CLASS = YES_ERROR;
				CLANG_WARN_UNREACHABLE_CODE = YES;
				CLANG_WARN__DUPLICATE_METHOD_MATCH = YES;
				"CODE_SIGN_IDENTITY[sdk=iphoneos*]" = "iPhone Developer";
				COPY_PHASE_STRIP = YES;
				ENABLE_NS_ASSERTIONS = NO;
				ENABLE_STRICT_OBJC_MSGSEND = YES;
				GCC_C_LANGUAGE_STANDARD = gnu99;
				GCC_WARN_64_TO_32_BIT_CONVERSION = YES;
				GCC_WARN_ABOUT_RETURN_TYPE = YES_ERROR;
				GCC_WARN_UNDECLARED_SELECTOR = YES;
				GCC_WARN_UNINITIALIZED_AUTOS = YES_AGGRESSIVE;
				GCC_WARN_UNUSED_FUNCTION = YES;
				GCC_WARN_UNUSED_VARIABLE = YES;
				IPHONEOS_DEPLOYMENT_TARGET = 8.1;
				MTL_ENABLE_DEBUG_INFO = NO;
				SDKROOT = iphoneos;
				VALIDATE_PRODUCT = YES;
			};
			name = Release;
		};
		EC9F15CE1A4A254000886334 /* Debug */ = {
			isa = XCBuildConfiguration;
			buildSettings = {
				ASSETCATALOG_COMPILER_APPICON_NAME = AppIcon;
				HEADER_SEARCH_PATHS = (
					"$(inherited)",
					/Applications/Xcode.app/Contents/Developer/Toolchains/XcodeDefault.xctoolchain/usr/include,
					"$PROJECT_DIR/**",
				);
				INFOPLIST_FILE = Streamloader/Info.plist;
				IPHONEOS_DEPLOYMENT_TARGET = 8.1;
				LD_RUNPATH_SEARCH_PATHS = "$(inherited) @executable_path/Frameworks";
				OTHER_LDFLAGS = (
					"-all_load",
					"-ObjC",
				);
				PRODUCT_NAME = "$(TARGET_NAME)";
				VALID_ARCHS = "armv7 arm7s armv64";
			};
			name = Debug;
		};
		EC9F15CF1A4A254000886334 /* Release */ = {
			isa = XCBuildConfiguration;
			buildSettings = {
				ASSETCATALOG_COMPILER_APPICON_NAME = AppIcon;
				HEADER_SEARCH_PATHS = (
					"$(inherited)",
					/Applications/Xcode.app/Contents/Developer/Toolchains/XcodeDefault.xctoolchain/usr/include,
					"$PROJECT_DIR/**",
				);
				INFOPLIST_FILE = Streamloader/Info.plist;
				IPHONEOS_DEPLOYMENT_TARGET = 8.1;
				LD_RUNPATH_SEARCH_PATHS = "$(inherited) @executable_path/Frameworks";
				OTHER_LDFLAGS = (
					"-all_load",
					"-ObjC",
				);
				PRODUCT_NAME = "$(TARGET_NAME)";
				VALID_ARCHS = "armv7 arm7s armv64";
			};
			name = Release;
		};
		EC9F15D11A4A254000886334 /* Debug */ = {
			isa = XCBuildConfiguration;
			buildSettings = {
				BUNDLE_LOADER = "$(TEST_HOST)";
				FRAMEWORK_SEARCH_PATHS = (
					"$(SDKROOT)/Developer/Library/Frameworks",
					"$(inherited)",
				);
				GCC_PREPROCESSOR_DEFINITIONS = (
					"DEBUG=1",
					"$(inherited)",
				);
				INFOPLIST_FILE = StreamloaderTests/Info.plist;
				LD_RUNPATH_SEARCH_PATHS = "$(inherited) @executable_path/Frameworks @loader_path/Frameworks";
				PRODUCT_NAME = "$(TARGET_NAME)";
				TEST_HOST = "$(BUILT_PRODUCTS_DIR)/Streamloader.app/Streamloader";
			};
			name = Debug;
		};
		EC9F15D21A4A254000886334 /* Release */ = {
			isa = XCBuildConfiguration;
			buildSettings = {
				BUNDLE_LOADER = "$(TEST_HOST)";
				FRAMEWORK_SEARCH_PATHS = (
					"$(SDKROOT)/Developer/Library/Frameworks",
					"$(inherited)",
				);
				INFOPLIST_FILE = StreamloaderTests/Info.plist;
				LD_RUNPATH_SEARCH_PATHS = "$(inherited) @executable_path/Frameworks @loader_path/Frameworks";
				PRODUCT_NAME = "$(TARGET_NAME)";
				TEST_HOST = "$(BUILT_PRODUCTS_DIR)/Streamloader.app/Streamloader";
			};
			name = Release;
		};
/* End XCBuildConfiguration section */

/* Begin XCConfigurationList section */
		EC9F15A21A4A253F00886334 /* Build configuration list for PBXProject "Streamloader" */ = {
			isa = XCConfigurationList;
			buildConfigurations = (
				EC9F15CB1A4A254000886334 /* Debug */,
				EC9F15CC1A4A254000886334 /* Release */,
			);
			defaultConfigurationIsVisible = 0;
			defaultConfigurationName = Release;
		};
		EC9F15CD1A4A254000886334 /* Build configuration list for PBXNativeTarget "Streamloader" */ = {
			isa = XCConfigurationList;
			buildConfigurations = (
				EC9F15CE1A4A254000886334 /* Debug */,
				EC9F15CF1A4A254000886334 /* Release */,
			);
			defaultConfigurationIsVisible = 0;
		};
		EC9F15D01A4A254000886334 /* Build configuration list for PBXNativeTarget "StreamloaderTests" */ = {
			isa = XCConfigurationList;
			buildConfigurations = (
				EC9F15D11A4A254000886334 /* Debug */,
				EC9F15D21A4A254000886334 /* Release */,
			);
			defaultConfigurationIsVisible = 0;
		};
/* End XCConfigurationList section */
	};
	rootObject = EC9F159F1A4A253F00886334 /* Project object */;
}
